{
  "name": "daily-roman-missal-calendar-tools",
  "version": "1.0.0",
  "lockfileVersion": 3,
  "requires": true,
  "packages": {
    "": {
      "name": "daily-roman-missal-calendar-tools",
      "version": "1.0.0",
      "dependencies": {
        "@romcal/calendar.general-roman": "3.0.0-dev.140",
        "romcal": "3.0.0-dev.140"
      }
    },
    "node_modules/@romcal/calendar.general-roman": {
      "version": "3.0.0-dev.140",
      "resolved": "https://registry.npmjs.org/@romcal/calendar.general-roman/-/calendar.general-roman-3.0.0-dev.140.tgz",
      "integrity": "sha512-IU/RYzH9hXzHkiVfYCkq1Ge7RyeAIBNnmD0GMhvIBrs+RrVgKOnv9OIpeuwcQbXYUewdaTYXB9c28w/e2eQgKA==",
      "license": "MIT",
      "engines": {
        "node": ">=18.0.0"
      },
      "peerDependencies": {
        "romcal": "3.0.0-dev.140"
      }
    },
    "node_modules/i18next": {
      "version": "26.4.2",
      "resolved": "https://registry.npmjs.org/i18next/-/i18next-26.4.2.tgz",
      "integrity": "sha512-RX+R0VLg13IbvRuJSxnqykUFS9vQZTl8wYpWPCIUDWVrSGjsQywB5Y+pjzrkboxGAuYfJZVH1InFTdgBdxq6ug==",
      "funding": [
        {
          "type": "individual",
          "url": "https://www.locize.com/i18next"
        },
        {
          "type": "individual",
          "url": "https://www.i18next.com/how-to/faq#i18next-is-awesome.-how-can-i-support-the-project"
        },
        {
          "type": "individual",
          "url": "https://www.locize.com"
        }
      ],
      "license": "MIT",
      "peerDependencies": {
        "typescript": "^5 || ^6 || ^7"
      },
      "peerDependenciesMeta": {
        "typescript": {
          "optional": true
        }
      }
    },
    "node_modules/romcal": {
      "version": "3.0.0-dev.140",
      "resolved": "https://registry.npmjs.org/romcal/-/romcal-3.0.0-dev.140.tgz",
      "integrity": "sha512-cKezAB70hfcT8g0vM9wajFC3LzN3W47YrB2gqn8xkV8uvBs9C8bDSunay0fiiS889tCAb6JATGUL0VuYH73+sw==",
      "license": "MIT",
      "workspaces": [
        "packages/*",
        "rites/*"
      ],
      "dependencies": {
        "i18next": "^26.4.0"
      },
      "engines": {
        "node": ">=18.0.0"
      }
    }
  }
}
